// !$*UTF8*$!
{
	archiveVersion = 1;
	classes = {
	};
	objectVersion = 56;
	objects = {

/* Begin PBXBuildFile section */
		93795D872C6A267B00596B15 /* AppDelegate.swift in Sources */ = {isa = PBXBuildFile; fileRef = 93795D862C6A267B00596B15 /* AppDelegate.swift */; };
		93795D892C6A267B00596B15 /* SceneDelegate.swift in Sources */ = {isa = PBXBuildFile; fileRef = 93795D882C6A267B00596B15 /* SceneDelegate.swift */; };
		93795D8B2C6A267B00596B15 /* LoginViewController.swift in Sources */ = {isa = PBXBuildFile; fileRef = 93795D8A2C6A267B00596B15 /* LoginViewController.swift */; };
		93795D8E2C6A267B00596B15 /* Base in Resources */ = {isa = PBXBuildFile; fileRef = 93795D8D2C6A267B00596B15 /* Base */; };
		93795D902C6A267C00596B15 /* Assets.xcassets in Resources */ = {isa = PBXBuildFile; fileRef = 93795D8F2C6A267C00596B15 /* Assets.xcassets */; };
		93795D932C6A267C00596B15 /* Base in Resources */ = {isa = PBXBuildFile; fileRef = 93795D922C6A267C00596B15 /* Base */; };
		93795D9E2C6A267C00596B15 /* sontestTests.swift in Sources */ = {isa = PBXBuildFile; fileRef = 93795D9D2C6A267C00596B15 /* sontestTests.swift */; };
		93795DA82C6A267C00596B15 /* sontestUITests.swift in Sources */ = {isa = PBXBuildFile; fileRef = 93795DA72C6A267C00596B15 /* sontestUITests.swift */; };
		93795DAA2C6A267C00596B15 /* sontestUITestsLaunchTests.swift in Sources */ = {isa = PBXBuildFile; fileRef = 93795DA92C6A267C00596B15 /* sontestUITestsLaunchTests.swift */; };
		93795DB72C6A271E00596B15 /* RegisterViewController.swift in Sources */ = {isa = PBXBuildFile; fileRef = 93795DB62C6A271E00596B15 /* RegisterViewController.swift */; };
		93795DB92C6A276200596B15 /* ForgotPasswordViewController.swift in Sources */ = {isa = PBXBuildFile; fileRef = 93795DB82C6A276200596B15 /* ForgotPasswordViewController.swift */; };
		93795DBB2C6A277500596B15 /* UsageViewController.swift in Sources */ = {isa = PBXBuildFile; fileRef = 93795DBA2C6A277500596B15 /* UsageViewController.swift */; };
		93A9E7502C6B38CE00EC8D31 /* PackageDetails.swift in Sources */ = {isa = PBXBuildFile; fileRef = 93A9E74F2C6B38CE00EC8D31 /* PackageDetails.swift */; };
		93A9E7522C6B38E300EC8D31 /* RemainingBalance.swift in Sources */ = {isa = PBXBuildFile; fileRef = 93A9E7512C6B38E200EC8D31 /* RemainingBalance.swift */; };
/* End PBXBuildFile section */

/* Begin PBXContainerItemProxy section */
		93795D9A2C6A267C00596B15 /* PBXContainerItemProxy */ = {
			isa = PBXContainerItemProxy;
			containerPortal = 93795D7B2C6A267B00596B15 /* Project object */;
			proxyType = 1;
			remoteGlobalIDString = 93795D822C6A267B00596B15;
			remoteInfo = sontest;
		};
		93795DA42C6A267C00596B15 /* PBXContainerItemProxy */ = {
			isa = PBXContainerItemProxy;
			containerPortal = 93795D7B2C6A267B00596B15 /* Project object */;
			proxyType = 1;
			remoteGlobalIDString = 93795D822C6A267B00596B15;
			remoteInfo = sontest;
		};
/* End PBXContainerItemProxy section */

/* Begin PBXFileReference section */
		93795D832C6A267B00596B15 /* sontest.app */ = {isa = PBXFileReference; explicitFileType = wrapper.application; includeInIndex = 0; path = sontest.app; sourceTree = BUILT_PRODUCTS_DIR; };
		93795D862C6A267B00596B15 /* AppDelegate.swift */ = {isa = PBXFileReference; lastKnownFileType = sourcecode.swift; path = AppDelegate.swift; sourceTree = "<group>"; };
		93795D882C6A267B00596B15 /* SceneDelegate.swift */ = {isa = PBXFileReference; lastKnownFileType = sourcecode.swift; path = SceneDelegate.swift; sourceTree = "<group>"; };
		93795D8A2C6A267B00596B15 /* LoginViewController.swift */ = {isa = PBXFileReference; lastKnownFileType = sourcecode.swift; path = LoginViewController.swift; sourceTree = "<group>"; };
		93795D8D2C6A267B00596B15 /* Base */ = {isa = PBXFileReference; lastKnownFileType = file.storyboard; name = Base; path = Base.lproj/Main.storyboard; sourceTree = "<group>"; };
		93795D8F2C6A267C00596B15 /* Assets.xcassets */ = {isa = PBXFileReference; lastKnownFileType = folder.assetcatalog; path = Assets.xcassets; sourceTree = "<group>"; };
		93795D922C6A267C00596B15 /* Base */ = {isa = PBXFileReference; lastKnownFileType = file.storyboard; name = Base; path = Base.lproj/LaunchScreen.storyboard; sourceTree = "<group>"; };
		93795D992C6A267C00596B15 /* sontestTests.xctest */ = {isa = PBXFileReference; explicitFileType = wrapper.cfbundle; includeInIndex = 0; path = sontestTests.xctest; sourceTree = BUILT_PRODUCTS_DIR; };
		93795D9D2C6A267C00596B15 /* sontestTests.swift */ = {isa = PBXFileReference; lastKnownFileType = sourcecode.swift; path = sontestTests.swift; sourceTree = "<group>"; };
		93795DA32C6A267C00596B15 /* sontestUITests.xctest */ = {isa = PBXFileReference; explicitFileType = wrapper.cfbundle; includeInIndex = 0; path = sontestUITests.xctest; sourceTree = BUILT_PRODUCTS_DIR; };
		93795DA72C6A267C00596B15 /* sontestUITests.swift */ = {isa = PBXFileReference; lastKnownFileType = sourcecode.swift; path = sontestUITests.swift; sourceTree = "<group>"; };
		93795DA92C6A267C00596B15 /* sontestUITestsLaunchTests.swift */ = {isa = PBXFileReference; lastKnownFileType = sourcecode.swift; path = sontestUITestsLaunchTests.swift; sourceTree = "<group>"; };
		93795DB62C6A271E00596B15 /* RegisterViewController.swift */ = {isa = PBXFileReference; lastKnownFileType = sourcecode.swift; path = RegisterViewController.swift; sourceTree = "<group>"; };
		93795DB82C6A276200596B15 /* ForgotPasswordViewController.swift */ = {isa = PBXFileReference; lastKnownFileType = sourcecode.swift; path = ForgotPasswordViewController.swift; sourceTree = "<group>"; };
		93795DBA2C6A277500596B15 /* UsageViewController.swift */ = {isa = PBXFileReference; lastKnownFileType = sourcecode.swift; path = UsageViewController.swift; sourceTree = "<group>"; };
		93A9E74F2C6B38CE00EC8D31 /* PackageDetails.swift */ = {isa = PBXFileReference; lastKnownFileType = sourcecode.swift; path = PackageDetails.swift; sourceTree = "<group>"; };
		93A9E7512C6B38E200EC8D31 /* RemainingBalance.swift */ = {isa = PBXFileReference; lastKnownFileType = sourcecode.swift; path = RemainingBalance.swift; sourceTree = "<group>"; };
/* End PBXFileReference section */

/* Begin PBXFrameworksBuildPhase section */
		93795D802C6A267B00596B15 /* Frameworks */ = {
			isa = PBXFrameworksBuildPhase;
			buildActionMask = 2147483647;
			files = (
			);
			runOnlyForDeploymentPostprocessing = 0;
		};
		93795D962C6A267C00596B15 /* Frameworks */ = {
			isa = PBXFrameworksBuildPhase;
			buildActionMask = 2147483647;
			files = (
			);
			runOnlyForDeploymentPostprocessing = 0;
		};
		93795DA02C6A267C00596B15 /* Frameworks */ = {
			isa = PBXFrameworksBuildPhase;
			buildActionMask = 2147483647;
			files = (
			);
			runOnlyForDeploymentPostprocessing = 0;
		};
/* End PBXFrameworksBuildPhase section */

/* Begin PBXGroup section */
		93795D7A2C6A267B00596B15 = {
			isa = PBXGroup;
			children = (
				93795D852C6A267B00596B15 /* sontest */,
				93795D9C2C6A267C00596B15 /* sontestTests */,
				93795DA62C6A267C00596B15 /* sontestUITests */,
				93795D842C6A267B00596B15 /* Products */,
			);
			sourceTree = "<group>";
		};
		93795D842C6A267B00596B15 /* Products */ = {
			isa = PBXGroup;
			children = (
				93795D832C6A267B00596B15 /* sontest.app */,
				93795D992C6A267C00596B15 /* sontestTests.xctest */,
				93795DA32C6A267C00596B15 /* sontestUITests.xctest */,
			);
			name = Products;
			sourceTree = "<group>";
		};
		93795D852C6A267B00596B15 /* sontest */ = {
			isa = PBXGroup;
			children = (
				93795D862C6A267B00596B15 /* AppDelegate.swift */,
				93795D882C6A267B00596B15 /* SceneDelegate.swift */,
				93795D8A2C6A267B00596B15 /* LoginViewController.swift */,
				93795D8C2C6A267B00596B15 /* Main.storyboard */,
				93795DB62C6A271E00596B15 /* RegisterViewController.swift */,
				93795DB82C6A276200596B15 /* ForgotPasswordViewController.swift */,
				93795DBA2C6A277500596B15 /* UsageViewController.swift */,
				93795D8F2C6A267C00596B15 /* Assets.xcassets */,
				93795D912C6A267C00596B15 /* LaunchScreen.storyboard */,
				93A9E74F2C6B38CE00EC8D31 /* PackageDetails.swift */,
				93A9E7512C6B38E200EC8D31 /* RemainingBalance.swift */,
			);
			path = sontest;
			sourceTree = "<group>";
		};
		93795D9C2C6A267C00596B15 /* sontestTests */ = {
			isa = PBXGroup;
			children = (
				93795D9D2C6A267C00596B15 /* sontestTests.swift */,
			);
			path = sontestTests;
			sourceTree = "<group>";
		};
		93795DA62C6A267C00596B15 /* sontestUITests */ = {
			isa = PBXGroup;
			children = (
				93795DA72C6A267C00596B15 /* sontestUITests.swift */,
				93795DA92C6A267C00596B15 /* sontestUITestsLaunchTests.swift */,
			);
			path = sontestUITests;
			sourceTree = "<group>";
		};
/* End PBXGroup section */

/* Begin PBXNativeTarget section */
		93795D822C6A267B00596B15 /* sontest */ = {
			isa = PBXNativeTarget;
			buildConfigurationList = 93795DAD2C6A267C00596B15 /* Build configuration list for PBXNativeTarget "sontest" */;
			buildPhases = (
				93795D7F2C6A267B00596B15 /* Sources */,
				93795D802C6A267B00596B15 /* Frameworks */,
				93795D812C6A267B00596B15 /* Resources */,
			);
			buildRules = (
			);
			dependencies = (
			);
			name = sontest;
			productName = sontest;
			productReference = 93795D832C6A267B00596B15 /* sontest.app */;
			productType = "com.apple.product-type.application";
		};
		93795D982C6A267C00596B15 /* sontestTests */ = {
			isa = PBXNativeTarget;
			buildConfigurationList = 93795DB02C6A267C00596B15 /* Build configuration list for PBXNativeTarget "sontestTests" */;
			buildPhases = (
				93795D952C6A267C00596B15 /* Sources */,
				93795D962C6A267C00596B15 /* Frameworks */,
				93795D972C6A267C00596B15 /* Resources */,
			);
			buildRules = (
			);
			dependencies = (
				93795D9B2C6A267C00596B15 /* PBXTargetDependency */,
			);
			name = sontestTests;
			productName = sontestTests;
			productReference = 93795D992C6A267C00596B15 /* sontestTests.xctest */;
			productType = "com.apple.product-type.bundle.unit-test";
		};
		93795DA22C6A267C00596B15 /* sontestUITests */ = {
			isa = PBXNativeTarget;
			buildConfigurationList = 93795DB32C6A267C00596B15 /* Build configuration list for PBXNativeTarget "sontestUITests" */;
			buildPhases = (
				93795D9F2C6A267C00596B15 /* Sources */,
				93795DA02C6A267C00596B15 /* Frameworks */,
				93795DA12C6A267C00596B15 /* Resources */,
			);
			buildRules = (
			);
			dependencies = (
				93795DA52C6A267C00596B15 /* PBXTargetDependency */,
			);
			name = sontestUITests;
			productName = sontestUITests;
			productReference = 93795DA32C6A267C00596B15 /* sontestUITests.xctest */;
			productType = "com.apple.product-type.bundle.ui-testing";
		};
/* End PBXNativeTarget section */

/* Begin PBXProject section */
		93795D7B2C6A267B00596B15 /* Project object */ = {
			isa = PBXProject;
			attributes = {
				BuildIndependentTargetsInParallel = 1;
				LastSwiftUpdateCheck = 1540;
				LastUpgradeCheck = 1540;
				TargetAttributes = {
					93795D822C6A267B00596B15 = {
						CreatedOnToolsVersion = 15.4;
					};
					93795D982C6A267C00596B15 = {
						CreatedOnToolsVersion = 15.4;
						TestTargetID = 93795D822C6A267B00596B15;
					};
					93795DA22C6A267C00596B15 = {
						CreatedOnToolsVersion = 15.4;
						TestTargetID = 93795D822C6A267B00596B15;
					};
				};
			};
			buildConfigurationList = 93795D7E2C6A267B00596B15 /* Build configuration list for PBXProject "sontest" */;
			compatibilityVersion = "Xcode 14.0";
			developmentRegion = en;
			hasScannedForEncodings = 0;
			knownRegions = (
				en,
				Base,
			);
			mainGroup = 93795D7A2C6A267B00596B15;
			productRefGroup = 93795D842C6A267B00596B15 /* Products */;
			projectDirPath = "";
			projectRoot = "";
			targets = (
				93795D822C6A267B00596B15 /* sontest */,
				93795D982C6A267C00596B15 /* sontestTests */,
				93795DA22C6A267C00596B15 /* sontestUITests */,
			);
		};
/* End PBXProject section */

/* Begin PBXResourcesBuildPhase section */
		93795D812C6A267B00596B15 /* Resources */ = {
			isa = PBXResourcesBuildPhase;
			buildActionMask = 2147483647;
			files = (
				93795D902C6A267C00596B15 /* Assets.xcassets in Resources */,
				93795D932C6A267C00596B15 /* Base in Resources */,
				93795D8E2C6A267B00596B15 /* Base in Resources */,
			);
			runOnlyForDeploymentPostprocessing = 0;
		};
		93795D972C6A267C00596B15 /* Resources */ = {
			isa = PBXResourcesBuildPhase;
			buildActionMask = 2147483647;
			files = (
			);
			runOnlyForDeploymentPostprocessing = 0;
		};
		93795DA12C6A267C00596B15 /* Resources */ = {
			isa = PBXResourcesBuildPhase;
			buildActionMask = 2147483647;
			files = (
			);
			runOnlyForDeploymentPostprocessing = 0;
		};
/* End PBXResourcesBuildPhase section */

/* Begin PBXSourcesBuildPhase section */
		93795D7F2C6A267B00596B15 /* Sources */ = {
			isa = PBXSourcesBuildPhase;
			buildActionMask = 2147483647;
			files = (
				93795D8B2C6A267B00596B15 /* LoginViewController.swift in Sources */,
				93A9E7522C6B38E300EC8D31 /* RemainingBalance.swift in Sources */,
				93A9E7502C6B38CE00EC8D31 /* PackageDetails.swift in Sources */,
				93795DB92C6A276200596B15 /* ForgotPasswordViewController.swift in Sources */,
				93795D872C6A267B00596B15 /* AppDelegate.swift in Sources */,
				93795D892C6A267B00596B15 /* SceneDelegate.swift in Sources */,
				93795DBB2C6A277500596B15 /* UsageViewController.swift in Sources */,
				93795DB72C6A271E00596B15 /* RegisterViewController.swift in Sources */,
			);
			runOnlyForDeploymentPostprocessing = 0;
		};
		93795D952C6A267C00596B15 /* Sources */ = {
			isa = PBXSourcesBuildPhase;
			buildActionMask = 2147483647;
			files = (
				93795D9E2C6A267C00596B15 /* sontestTests.swift in Sources */,
			);
			runOnlyForDeploymentPostprocessing = 0;
		};
		93795D9F2C6A267C00596B15 /* Sources */ = {
			isa = PBXSourcesBuildPhase;
			buildActionMask = 2147483647;
			files = (
				93795DA82C6A267C00596B15 /* sontestUITests.swift in Sources */,
				93795DAA2C6A267C00596B15 /* sontestUITestsLaunchTests.swift in Sources */,
			);
			runOnlyForDeploymentPostprocessing = 0;
		};
/* End PBXSourcesBuildPhase section */

/* Begin PBXTargetDependency section */
		93795D9B2C6A267C00596B15 /* PBXTargetDependency */ = {
			isa = PBXTargetDependency;
			target = 93795D822C6A267B00596B15 /* sontest */;
			targetProxy = 93795D9A2C6A267C00596B15 /* PBXContainerItemProxy */;
		};
		93795DA52C6A267C00596B15 /* PBXTargetDependency */ = {
			isa = PBXTargetDependency;
			target = 93795D822C6A267B00596B15 /* sontest */;
			targetProxy = 93795DA42C6A267C00596B15 /* PBXContainerItemProxy */;
		};
/* End PBXTargetDependency section */

/* Begin PBXVariantGroup section */
		93795D8C2C6A267B00596B15 /* Main.storyboard */ = {
			isa = PBXVariantGroup;
			children = (
				93795D8D2C6A267B00596B15 /* Base */,
			);
			name = Main.storyboard;
			sourceTree = "<group>";
		};
		93795D912C6A267C00596B15 /* LaunchScreen.storyboard */ = {
			isa = PBXVariantGroup;
			children = (
				93795D922C6A267C00596B15 /* Base */,
			);
			name = LaunchScreen.storyboard;
			sourceTree = "<group>";
		};
/* End PBXVariantGroup section */

/* Begin XCBuildConfiguration section */
		93795DAB2C6A267C00596B15 /* Debug */ = {
			isa = XCBuildConfiguration;
			buildSettings = {
				ALWAYS_SEARCH_USER_PATHS = NO;
				ASSETCATALOG_COMPILER_GENERATE_SWIFT_ASSET_SYMBOL_EXTENSIONS = YES;
				CLANG_ANALYZER_NONNULL = YES;
				CLANG_ANALYZER_NUMBER_OBJECT_CONVERSION = YES_AGGRESSIVE;
				CLANG_CXX_LANGUAGE_STANDARD = "gnu++20";
				CLANG_ENABLE_MODULES = YES;
				CLANG_ENABLE_OBJC_ARC = YES;
				CLANG_ENABLE_OBJC_WEAK = YES;
				CLANG_WARN_BLOCK_CAPTURE_AUTORELEASING = YES;
				CLANG_WARN_BOOL_CONVERSION = YES;
				CLANG_WARN_COMMA = YES;
				CLANG_WARN_CONSTANT_CONVERSION = YES;
				CLANG_WARN_DEPRECATED_OBJC_IMPLEMENTATIONS = YES;
				CLANG_WARN_DIRECT_OBJC_ISA_USAGE = YES_ERROR;
				CLANG_WARN_DOCUMENTATION_COMMENTS = YES;
				CLANG_WARN_EMPTY_BODY = YES;
				CLANG_WARN_ENUM_CONVERSION = YES;
				CLANG_WARN_INFINITE_RECURSION = YES;
				CLANG_WARN_INT_CONVERSION = YES;
				CLANG_WARN_NON_LITERAL_NULL_CONVERSION = YES;
				CLANG_WARN_OBJC_IMPLICIT_RETAIN_SELF = YES;
				CLANG_WARN_OBJC_LITERAL_CONVERSION = YES;
				CLANG_WARN_OBJC_ROOT_CLASS = YES_ERROR;
				CLANG_WARN_QUOTED_INCLUDE_IN_FRAMEWORK_HEADER = YES;
				CLANG_WARN_RANGE_LOOP_ANALYSIS = YES;
				CLANG_WARN_STRICT_PROTOTYPES = YES;
				CLANG_WARN_SUSPICIOUS_MOVE = YES;
				CLANG_WARN_UNGUARDED_AVAILABILITY = YES_AGGRESSIVE;
				CLANG_WARN_UNREACHABLE_CODE = YES;
				CLANG_WARN__DUPLICATE_METHOD_MATCH = YES;
				COPY_PHASE_STRIP = NO;
				DEBUG_INFORMATION_FORMAT = dwarf;
				ENABLE_STRICT_OBJC_MSGSEND = YES;
				ENABLE_TESTABILITY = YES;
				ENABLE_USER_SCRIPT_SANDBOXING = YES;
				GCC_C_LANGUAGE_STANDARD = gnu17;
				GCC_DYNAMIC_NO_PIC = NO;
				GCC_NO_COMMON_BLOCKS = YES;
				GCC_OPTIMIZATION_LEVEL = 0;
				GCC_PREPROCESSOR_DEFINITIONS = (
					"DEBUG=1",
					"$(inherited)",
				);
				GCC_WARN_64_TO_32_BIT_CONVERSION = YES;
				GCC_WARN_ABOUT_RETURN_TYPE = YES_ERROR;
				GCC_WARN_UNDECLARED_SELECTOR = YES;
				GCC_WARN_UNINITIALIZED_AUTOS = YES_AGGRESSIVE;
				GCC_WARN_UNUSED_FUNCTION = YES;
				GCC_WARN_UNUSED_VARIABLE = YES;
				"INFOPLIST_FILE[sdk=*]" = "";
				IPHONEOS_DEPLOYMENT_TARGET = 17.5;
				LOCALIZATION_PREFERS_STRING_CATALOGS = YES;
				MTL_ENABLE_DEBUG_INFO = INCLUDE_SOURCE;
				MTL_FAST_MATH = YES;
				ONLY_ACTIVE_ARCH = YES;
				SDKROOT = iphoneos;
				SWIFT_ACTIVE_COMPILATION_CONDITIONS = "DEBUG $(inherited)";
				SWIFT_OPTIMIZATION_LEVEL = "-Onone";
			};
			name = Debug;
		};
		93795DAC2C6A267C00596B15 /* Release */ = {
			isa = XCBuildConfiguration;
			buildSettings = {
				ALWAYS_SEARCH_USER_PATHS = NO;
				ASSETCATALOG_COMPILER_GENERATE_SWIFT_ASSET_SYMBOL_EXTENSIONS = YES;
				CLANG_ANALYZER_NONNULL = YES;
				CLANG_ANALYZER_NUMBER_OBJECT_CONVERSION = YES_AGGRESSIVE;
				CLANG_CXX_LANGUAGE_STANDARD = "gnu++20";
				CLANG_ENABLE_MODULES = YES;
				CLANG_ENABLE_OBJC_ARC = YES;
				CLANG_ENABLE_OBJC_WEAK = YES;
				CLANG_WARN_BLOCK_CAPTURE_AUTORELEASING = YES;
				CLANG_WARN_BOOL_CONVERSION = YES;
				CLANG_WARN_COMMA = YES;
				CLANG_WARN_CONSTANT_CONVERSION = YES;
				CLANG_WARN_DEPRECATED_OBJC_IMPLEMENTATIONS = YES;
				CLANG_WARN_DIRECT_OBJC_ISA_USAGE = YES_ERROR;
				CLANG_WARN_DOCUMENTATION_COMMENTS = YES;
				CLANG_WARN_EMPTY_BODY = YES;
				CLANG_WARN_ENUM_CONVERSION = YES;
				CLANG_WARN_INFINITE_RECURSION = YES;
				CLANG_WARN_INT_CONVERSION = YES;
				CLANG_WARN_NON_LITERAL_NULL_CONVERSION = YES;
				CLANG_WARN_OBJC_IMPLICIT_RETAIN_SELF = YES;
				CLANG_WARN_OBJC_LITERAL_CONVERSION = YES;
				CLANG_WARN_OBJC_ROOT_CLASS = YES_ERROR;
				CLANG_WARN_QUOTED_INCLUDE_IN_FRAMEWORK_HEADER = YES;
				CLANG_WARN_RANGE_LOOP_ANALYSIS = YES;
				CLANG_WARN_STRICT_PROTOTYPES = YES;
				CLANG_WARN_SUSPICIOUS_MOVE = YES;
				CLANG_WARN_UNGUARDED_AVAILABILITY = YES_AGGRESSIVE;
				CLANG_WARN_UNREACHABLE_CODE = YES;
				CLANG_WARN__DUPLICATE_METHOD_MATCH = YES;
				COPY_PHASE_STRIP = NO;
				DEBUG_INFORMATION_FORMAT = "dwarf-with-dsym";
				ENABLE_NS_ASSERTIONS = NO;
				ENABLE_STRICT_OBJC_MSGSEND = YES;
				ENABLE_USER_SCRIPT_SANDBOXING = YES;
				GCC_C_LANGUAGE_STANDARD = gnu17;
				GCC_NO_COMMON_BLOCKS = YES;
				GCC_WARN_64_TO_32_BIT_CONVERSION = YES;
				GCC_WARN_ABOUT_RETURN_TYPE = YES_ERROR;
				GCC_WARN_UNDECLARED_SELECTOR = YES;
				GCC_WARN_UNINITIALIZED_AUTOS = YES_AGGRESSIVE;
				GCC_WARN_UNUSED_FUNCTION = YES;
				GCC_WARN_UNUSED_VARIABLE = YES;
				IPHONEOS_DEPLOYMENT_TARGET = 17.5;
				LOCALIZATION_PREFERS_STRING_CATALOGS = YES;
				MTL_ENABLE_DEBUG_INFO = NO;
				MTL_FAST_MATH = YES;
				SDKROOT = iphoneos;
				SWIFT_COMPILATION_MODE = wholemodule;
				VALIDATE_PRODUCT = YES;
			};
			name = Release;
		};
		93795DAE2C6A267C00596B15 /* Debug */ = {
			isa = XCBuildConfiguration;
			buildSettings = {
				ASSETCATALOG_COMPILER_APPICON_NAME = AppIcon;
				ASSETCATALOG_COMPILER_GLOBAL_ACCENT_COLOR_NAME = AccentColor;
				CODE_SIGN_STYLE = Automatic;
				CURRENT_PROJECT_VERSION = 1;
				GENERATE_INFOPLIST_FILE = YES;
				INFOPLIST_FILE = sontest/Info.plist;
				INFOPLIST_KEY_UIApplicationSupportsIndirectInputEvents = YES;
				INFOPLIST_KEY_UILaunchStoryboardName = LaunchScreen;
				INFOPLIST_KEY_UIMainStoryboardFile = Main;
				INFOPLIST_KEY_UISupportedInterfaceOrientations_iPad = "UIInterfaceOrientationPortrait UIInterfaceOrientationPortraitUpsideDown UIInterfaceOrientationLandscapeLeft UIInterfaceOrientationLandscapeRight";
				INFOPLIST_KEY_UISupportedInterfaceOrientations_iPhone = "UIInterfaceOrientationPortrait UIInterfaceOrientationLandscapeLeft UIInterfaceOrientationLandscapeRight";
				LD_RUNPATH_SEARCH_PATHS = (
					"$(inherited)",
					"@executable_path/Frameworks",
				);
				MARKETING_VERSION = 1.0;
				PRODUCT_BUNDLE_IDENTIFIER = i2i.sontest;
				PRODUCT_NAME = "$(TARGET_NAME)";
				SWIFT_EMIT_LOC_STRINGS = YES;
				SWIFT_VERSION = 5.0;
				TARGETED_DEVICE_FAMILY = "1,2";
			};
			name = Debug;
		};
		93795DAF2C6A267C00596B15 /* Release */ = {
			isa = XCBuildConfiguration;
			buildSettings = {
				ASSETCATALOG_COMPILER_APPICON_NAME = AppIcon;
				ASSETCATALOG_COMPILER_GLOBAL_ACCENT_COLOR_NAME = AccentColor;
				CODE_SIGN_STYLE = Automatic;
				CURRENT_PROJECT_VERSION = 1;
				GENERATE_INFOPLIST_FILE = YES;
				INFOPLIST_FILE = sontest/Info.plist;
				INFOPLIST_KEY_UIApplicationSupportsIndirectInputEvents = YES;
				INFOPLIST_KEY_UILaunchStoryboardName = LaunchScreen;
				INFOPLIST_KEY_UIMainStoryboardFile = Main;
				INFOPLIST_KEY_UISupportedInterfaceOrientations_iPad = "UIInterfaceOrientationPortrait UIInterfaceOrientationPortraitUpsideDown UIInterfaceOrientationLandscapeLeft UIInterfaceOrientationLandscapeRight";
				INFOPLIST_KEY_UISupportedInterfaceOrientations_iPhone = "UIInterfaceOrientationPortrait UIInterfaceOrientationLandscapeLeft UIInterfaceOrientationLandscapeRight";
				LD_RUNPATH_SEARCH_PATHS = (
					"$(inherited)",
					"@executable_path/Frameworks",
				);
				MARKETING_VERSION = 1.0;
				PRODUCT_BUNDLE_IDENTIFIER = i2i.sontest;
				PRODUCT_NAME = "$(TARGET_NAME)";
				SWIFT_EMIT_LOC_STRINGS = YES;
				SWIFT_VERSION = 5.0;
				TARGETED_DEVICE_FAMILY = "1,2";
			};
			name = Release;
		};
		93795DB12C6A267C00596B15 /* Debug */ = {
			isa = XCBuildConfiguration;
			buildSettings = {
				ALWAYS_EMBED_SWIFT_STANDARD_LIBRARIES = YES;
				BUNDLE_LOADER = "$(TEST_HOST)";
				CODE_SIGN_STYLE = Automatic;
				CURRENT_PROJECT_VERSION = 1;
				GENERATE_INFOPLIST_FILE = YES;
				IPHONEOS_DEPLOYMENT_TARGET = 17.5;
				MARKETING_VERSION = 1.0;
				PRODUCT_BUNDLE_IDENTIFIER = i2i.sontestTests;
				PRODUCT_NAME = "$(TARGET_NAME)";
				SWIFT_EMIT_LOC_STRINGS = NO;
				SWIFT_VERSION = 5.0;
				TARGETED_DEVICE_FAMILY = "1,2";
				TEST_HOST = "$(BUILT_PRODUCTS_DIR)/sontest.app/$(BUNDLE_EXECUTABLE_FOLDER_PATH)/sontest";
			};
			name = Debug;
		};
		93795DB22C6A267C00596B15 /* Release */ = {
			isa = XCBuildConfiguration;
			buildSettings = {
				ALWAYS_EMBED_SWIFT_STANDARD_LIBRARIES = YES;
				BUNDLE_LOADER = "$(TEST_HOST)";
				CODE_SIGN_STYLE = Automatic;
				CURRENT_PROJECT_VERSION = 1;
				GENERATE_INFOPLIST_FILE = YES;
				IPHONEOS_DEPLOYMENT_TARGET = 17.5;
				MARKETING_VERSION = 1.0;
				PRODUCT_BUNDLE_IDENTIFIER = i2i.sontestTests;
				PRODUCT_NAME = "$(TARGET_NAME)";
				SWIFT_EMIT_LOC_STRINGS = NO;
				SWIFT_VERSION = 5.0;
				TARGETED_DEVICE_FAMILY = "1,2";
				TEST_HOST = "$(BUILT_PRODUCTS_DIR)/sontest.app/$(BUNDLE_EXECUTABLE_FOLDER_PATH)/sontest";
			};
			name = Release;
		};
		93795DB42C6A267C00596B15 /* Debug */ = {
			isa = XCBuildConfiguration;
			buildSettings = {
				ALWAYS_EMBED_SWIFT_STANDARD_LIBRARIES = YES;
				CODE_SIGN_STYLE = Automatic;
				CURRENT_PROJECT_VERSION = 1;
				GENERATE_INFOPLIST_FILE = YES;
				MARKETING_VERSION = 1.0;
				PRODUCT_BUNDLE_IDENTIFIER = i2i.sontestUITests;
				PRODUCT_NAME = "$(TARGET_NAME)";
				SWIFT_EMIT_LOC_STRINGS = NO;
				SWIFT_VERSION = 5.0;
				TARGETED_DEVICE_FAMILY = "1,2";
				TEST_TARGET_NAME = sontest;
			};
			name = Debug;
		};
		93795DB52C6A267C00596B15 /* Release */ = {
			isa = XCBuildConfiguration;
			buildSettings = {
				ALWAYS_EMBED_SWIFT_STANDARD_LIBRARIES = YES;
				CODE_SIGN_STYLE = Automatic;
				CURRENT_PROJECT_VERSION = 1;
				GENERATE_INFOPLIST_FILE = YES;
				MARKETING_VERSION = 1.0;
				PRODUCT_BUNDLE_IDENTIFIER = i2i.sontestUITests;
				PRODUCT_NAME = "$(TARGET_NAME)";
				SWIFT_EMIT_LOC_STRINGS = NO;
				SWIFT_VERSION = 5.0;
				TARGETED_DEVICE_FAMILY = "1,2";
				TEST_TARGET_NAME = sontest;
			};
			name = Release;
		};
/* End XCBuildConfiguration section */

/* Begin XCConfigurationList section */
		93795D7E2C6A267B00596B15 /* Build configuration list for PBXProject "sontest" */ = {
			isa = XCConfigurationList;
			buildConfigurations = (
				93795DAB2C6A267C00596B15 /* Debug */,
				93795DAC2C6A267C00596B15 /* Release */,
			);
			defaultConfigurationIsVisible = 0;
			defaultConfigurationName = Release;
		};
		93795DAD2C6A267C00596B15 /* Build configuration list for PBXNativeTarget "sontest" */ = {
			isa = XCConfigurationList;
			buildConfigurations = (
				93795DAE2C6A267C00596B15 /* Debug */,
				93795DAF2C6A267C00596B15 /* Release */,
			);
			defaultConfigurationIsVisible = 0;
			defaultConfigurationName = Release;
		};
		93795DB02C6A267C00596B15 /* Build configuration list for PBXNativeTarget "sontestTests" */ = {
			isa = XCConfigurationList;
			buildConfigurations = (
				93795DB12C6A267C00596B15 /* Debug */,
				93795DB22C6A267C00596B15 /* Release */,
			);
			defaultConfigurationIsVisible = 0;
			defaultConfigurationName = Release;
		};
		93795DB32C6A267C00596B15 /* Build configuration list for PBXNativeTarget "sontestUITests" */ = {
			isa = XCConfigurationList;
			buildConfigurations = (
				93795DB42C6A267C00596B15 /* Debug */,
				93795DB52C6A267C00596B15 /* Release */,
			);
			defaultConfigurationIsVisible = 0;
			defaultConfigurationName = Release;
		};
/* End XCConfigurationList section */
	};
	rootObject = 93795D7B2C6A267B00596B15 /* Project object */;
}
